
Microsoft Visual Studio Solution File, Format Version 12.00
# Visual Studio 15
VisualStudioVersion = 15.0.26124.0
MinimumVisualStudioVersion = 15.0.26124.0
Project("{FAE04EC0-301F-11D3-BF4B-00C04F79EFBC}") = "API", "API\API.csproj", "{A6E36B62-902C-4BC3-A16B-6EAAD006AE64}"
EndProject
Project("{FAE04EC0-301F-11D3-BF4B-00C04F79EFBC}") = "Core", "Core\Core.csproj", "{F3C93A15-34CB-468F-97B4-46CA0C1A2EF5}"
EndProject
Project("{FAE04EC0-301F-11D3-BF4B-00C04F79EFBC}") = "Infrastructure", "Infrastructure\Infrastructure.csproj", "{B341EB36-6673-4EBF-A888-7C43F9C6CC69}"
EndProject
Global
	GlobalSection(SolutionConfigurationPlatforms) = preSolution
		Debug|Any CPU = Debug|Any CPU
		Debug|x64 = Debug|x64
		Debug|x86 = Debug|x86
		Release|Any CPU = Release|Any CPU
		Release|x64 = Release|x64
		Release|x86 = Release|x86
	EndGlobalSection
	GlobalSection(SolutionProperties) = preSolution
		HideSolutionNode = FALSE
	EndGlobalSection
	GlobalSection(ProjectConfigurationPlatforms) = postSolution
		{A6E36B62-902C-4BC3-A16B-6EAAD006AE64}.Debug|Any CPU.ActiveCfg = Debug|Any CPU
		{A6E36B62-902C-4BC3-A16B-6EAAD006AE64}.Debug|Any CPU.Build.0 = Debug|Any CPU
		{A6E36B62-902C-4BC3-A16B-6EAAD006AE64}.Debug|x64.ActiveCfg = Debug|Any CPU
		{A6E36B62-902C-4BC3-A16B-6EAAD006AE64}.Debug|x64.Build.0 = Debug|Any CPU
		{A6E36B62-902C-4BC3-A16B-6EAAD006AE64}.Debug|x86.ActiveCfg = Debug|Any CPU
		{A6E36B62-902C-4BC3-A16B-6EAAD006AE64}.Debug|x86.Build.0 = Debug|Any CPU
		{A6E36B62-902C-4BC3-A16B-6EAAD006AE64}.Release|Any CPU.ActiveCfg = Release|Any CPU
		{A6E36B62-902C-4BC3-A16B-6EAAD006AE64}.Release|Any CPU.Build.0 = Release|Any CPU
		{A6E36B62-902C-4BC3-A16B-6EAAD006AE64}.Release|x64.ActiveCfg = Release|Any CPU
		{A6E36B62-902C-4BC3-A16B-6EAAD006AE64}.Release|x64.Build.0 = Release|Any CPU
		{A6E36B62-902C-4BC3-A16B-6EAAD006AE64}.Release|x86.ActiveCfg = Release|Any CPU
		{A6E36B62-902C-4BC3-A16B-6EAAD006AE64}.Release|x86.Build.0 = Release|Any CPU
		{F3C93A15-34CB-468F-97B4-46CA0C1A2EF5}.Debug|Any CPU.ActiveCfg = Debug|Any CPU
		{F3C93A15-34CB-468F-97B4-46CA0C1A2EF5}.Debug|Any CPU.Build.0 = Debug|Any CPU
		{F3C93A15-34CB-468F-97B4-46CA0C1A2EF5}.Debug|x64.ActiveCfg = Debug|Any CPU
		{F3C93A15-34CB-468F-97B4-46CA0C1A2EF5}.Debug|x64.Build.0 = Debug|Any CPU
		{F3C93A15-34CB-468F-97B4-46CA0C1A2EF5}.Debug|x86.ActiveCfg = Debug|Any CPU
		{F3C93A15-34CB-468F-97B4-46CA0C1A2EF5}.Debug|x86.Build.0 = Debug|Any CPU
		{F3C93A15-34CB-468F-97B4-46CA0C1A2EF5}.Release|Any CPU.ActiveCfg = Release|Any CPU
		{F3C93A15-34CB-468F-97B4-46CA0C1A2EF5}.Release|Any CPU.Build.0 = Release|Any CPU
		{F3C93A15-34CB-468F-97B4-46CA0C1A2EF5}.Release|x64.ActiveCfg = Release|Any CPU
		{F3C93A15-34CB-468F-97B4-46CA0C1A2EF5}.Release|x64.Build.0 = Release|Any CPU
		{F3C93A15-34CB-468F-97B4-46CA0C1A2EF5}.Release|x86.ActiveCfg = Release|Any CPU
		{F3C93A15-34CB-468F-97B4-46CA0C1A2EF5}.Release|x86.Build.0 = Release|Any CPU
		{B341EB36-6673-4EBF-A888-7C43F9C6CC69}.Debug|Any CPU.ActiveCfg = Debug|Any CPU
		{B341EB36-6673-4EBF-A888-7C43F9C6CC69}.Debug|Any CPU.Build.0 = Debug|Any CPU
		{B341EB36-6673-4EBF-A888-7C43F9C6CC69}.Debug|x64.ActiveCfg = Debug|Any CPU
		{B341EB36-6673-4EBF-A888-7C43F9C6CC69}.Debug|x64.Build.0 = Debug|Any CPU
		{B341EB36-6673-4EBF-A888-7C43F9C6CC69}.Debug|x86.ActiveCfg = Debug|Any CPU
		{B341EB36-6673-4EBF-A888-7C43F9C6CC69}.Debug|x86.Build.0 = Debug|Any CPU
		{B341EB36-6673-4EBF-A888-7C43F9C6CC69}.Release|Any CPU.ActiveCfg = Release|Any CPU
		{B341EB36-6673-4EBF-A888-7C43F9C6CC69}.Release|Any CPU.Build.0 = Release|Any CPU
		{B341EB36-6673-4EBF-A888-7C43F9C6CC69}.Release|x64.ActiveCfg = Release|Any CPU
		{B341EB36-6673-4EBF-A888-7C43F9C6CC69}.Release|x64.Build.0 = Release|Any CPU
		{B341EB36-6673-4EBF-A888-7C43F9C6CC69}.Release|x86.ActiveCfg = Release|Any CPU
		{B341EB36-6673-4EBF-A888-7C43F9C6CC69}.Release|x86.Build.0 = Release|Any CPU
	EndGlobalSection
EndGlobal
